
Microsoft Visual Studio Solution File, Format Version 12.00
# Visual Studio Version 17
VisualStudioVersion = 17.10.35122.118
MinimumVisualStudioVersion = 10.0.40219.1
Project("{FAE04EC0-301F-11D3-BF4B-00C04F79EFBC}") = "Entities", "Entities\Entities.csproj", "{FD899AAA-94C1-457C-8E1C-D47DB6B500E9}"
EndProject
Project("{FAE04EC0-301F-11D3-BF4B-00C04F79EFBC}") = "MAP", "MAP\MAP.csproj", "{F7671E77-462F-4B9B-BAAF-BEA59EE1DA5A}"
EndProject
Project("{FAE04EC0-301F-11D3-BF4B-00C04F79EFBC}") = "DAL", "DAL\DAL.csproj", "{148A5FD0-B8A2-48FC-9368-909951A5784F}"
EndProject
Project("{FAE04EC0-301F-11D3-BF4B-00C04F79EFBC}") = "BLL", "BLL\BLL.csproj", "{EE977702-57C6-4C37-9740-FF1ADAF7B3D2}"
EndProject
Project("{FAE04EC0-301F-11D3-BF4B-00C04F79EFBC}") = "API", "API\API.csproj", "{5468B6E3-6948-4C2C-8DDC-BBF7CF66F079}"
EndProject
Global
	GlobalSection(SolutionConfigurationPlatforms) = preSolution
		Debug|Any CPU = Debug|Any CPU
		Release|Any CPU = Release|Any CPU
	EndGlobalSection
	GlobalSection(ProjectConfigurationPlatforms) = postSolution
		{FD899AAA-94C1-457C-8E1C-D47DB6B500E9}.Debug|Any CPU.ActiveCfg = Debug|Any CPU
		{FD899AAA-94C1-457C-8E1C-D47DB6B500E9}.Debug|Any CPU.Build.0 = Debug|Any CPU
		{FD899AAA-94C1-457C-8E1C-D47DB6B500E9}.Release|Any CPU.ActiveCfg = Release|Any CPU
		{FD899AAA-94C1-457C-8E1C-D47DB6B500E9}.Release|Any CPU.Build.0 = Release|Any CPU
		{F7671E77-462F-4B9B-BAAF-BEA59EE1DA5A}.Debug|Any CPU.ActiveCfg = Debug|Any CPU
		{F7671E77-462F-4B9B-BAAF-BEA59EE1DA5A}.Debug|Any CPU.Build.0 = Debug|Any CPU
		{F7671E77-462F-4B9B-BAAF-BEA59EE1DA5A}.Release|Any CPU.ActiveCfg = Release|Any CPU
		{F7671E77-462F-4B9B-BAAF-BEA59EE1DA5A}.Release|Any CPU.Build.0 = Release|Any CPU
		{148A5FD0-B8A2-48FC-9368-909951A5784F}.Debug|Any CPU.ActiveCfg = Debug|Any CPU
		{148A5FD0-B8A2-48FC-9368-909951A5784F}.Debug|Any CPU.Build.0 = Debug|Any CPU
		{148A5FD0-B8A2-48FC-9368-909951A5784F}.Release|Any CPU.ActiveCfg = Release|Any CPU
		{148A5FD0-B8A2-48FC-9368-909951A5784F}.Release|Any CPU.Build.0 = Release|Any CPU
		{EE977702-57C6-4C37-9740-FF1ADAF7B3D2}.Debug|Any CPU.ActiveCfg = Debug|Any CPU
		{EE977702-57C6-4C37-9740-FF1ADAF7B3D2}.Debug|Any CPU.Build.0 = Debug|Any CPU
		{EE977702-57C6-4C37-9740-FF1ADAF7B3D2}.Release|Any CPU.ActiveCfg = Release|Any CPU
		{EE977702-57C6-4C37-9740-FF1ADAF7B3D2}.Release|Any CPU.Build.0 = Release|Any CPU
		{5468B6E3-6948-4C2C-8DDC-BBF7CF66F079}.Debug|Any CPU.ActiveCfg = Debug|Any CPU
		{5468B6E3-6948-4C2C-8DDC-BBF7CF66F079}.Debug|Any CPU.Build.0 = Debug|Any CPU
		{5468B6E3-6948-4C2C-8DDC-BBF7CF66F079}.Release|Any CPU.ActiveCfg = Release|Any CPU
		{5468B6E3-6948-4C2C-8DDC-BBF7CF66F079}.Release|Any CPU.Build.0 = Release|Any CPU
	EndGlobalSection
	GlobalSection(SolutionProperties) = preSolution
		HideSolutionNode = FALSE
	EndGlobalSection
	GlobalSection(ExtensibilityGlobals) = postSolution
		SolutionGuid = {ED40AFFE-7BA4-4E58-8EDA-8E3FCD42A48F}
	EndGlobalSection
EndGlobal
